<?xml version="1.0" encoding="utf-8"?>
<Project ToolsVersion="4.0" xmlns="http://schemas.microsoft.com/developer/msbuild/2003">
  <ItemGroup>
    <Filter Include="Source Files">
      <UniqueIdentifier>{52e9bde3-740c-48f9-895e-6979bb2c2d6a}</UniqueIdentifier>
      <Extensions>cpp;c;cxx;rc;def;r;odl;idl;hpj;bat</Extensions>
    </Filter>
    <Filter Include="Header Files">
      <UniqueIdentifier>{ffb70669-a432-4e98-b2d7-b686ea09941b}</UniqueIdentifier>
      <Extensions>h;hpp;hxx;hm;inl</Extensions>
    </Filter>
    <Filter Include="Resource Files">
      <UniqueIdentifier>{18dee078-15bf-4330-97fe-830f2a24c5ea}</UniqueIdentifier>
      <Extensions>ico;cur;bmp;dlg;rc2;rct;bin;rgs;gif;jpg;jpeg;jpe</Extensions>
    </Filter>
  </ItemGroup>
  <ItemGroup>
    <ClCompile Include="StdAfx.cpp">
      <Filter>Source Files</Filter>
    </ClCompile>
    <ClCompile Include="wirobotsdk.cpp">
      <Filter>Source Files</Filter>
    </ClCompile>
    <ClCompile Include="X80MultiRobot.cpp">
      <Filter>Source Files</Filter>
    </ClCompile>
    <ClCompile Include="X80MultiRobotDlg.cpp">
      <Filter>Source Files</Filter>
    </ClCompile>
    <ClCompile Include="X80MultiRobotDlg_Slam.cpp">
      <Filter>Source Files</Filter>
    </ClCompile>
    <ClCompile Include="openslam_gmapping\utils\stat.cpp">
      <Filter>Source Files</Filter>
    </ClCompile>
    <ClCompile Include="openslam_gmapping\scanmatcher\scanmatcher.cpp">
      <Filter>Source Files</Filter>
    </ClCompile>
    <ClCompile Include="openslam_gmapping\sensor\sensor_base\sensor.cpp">
      <Filter>Source Files</Filter>
    </ClCompile>
    <ClCompile Include="openslam_gmapping\sensor\sensor_base\sensorreading.cpp">
      <Filter>Source Files</Filter>
    </ClCompile>
    <ClCompile Include="openslam_gmapping\sensor\sensor_range\rangereading.cpp">
      <Filter>Source Files</Filter>
    </ClCompile>
    <ClCompile Include="openslam_gmapping\sensor\sensor_range\rangesensor.cpp">
      <Filter>Source Files</Filter>
    </ClCompile>
  </ItemGroup>
  <ItemGroup>
    <ResourceCompile Include="X80MultiRobot.rc">
      <Filter>Source Files</Filter>
    </ResourceCompile>
  </ItemGroup>
  <ItemGroup>
    <ClInclude Include="Resource.h">
      <Filter>Header Files</Filter>
    </ClInclude>
    <ClInclude Include="StdAfx.h">
      <Filter>Header Files</Filter>
    </ClInclude>
    <ClInclude Include="wirobotsdk.h">
      <Filter>Header Files</Filter>
    </ClInclude>
    <ClInclude Include="X80MultiRobot.h">
      <Filter>Header Files</Filter>
    </ClInclude>
    <ClInclude Include="X80MultiRobotDlg.h">
      <Filter>Header Files</Filter>
    </ClInclude>
    <ClInclude Include="utils_bits.h">
      <Filter>Header Files</Filter>
    </ClInclude>
    <ClInclude Include="include\gmapping\utils\gvalues.h">
      <Filter>Header Files</Filter>
    </ClInclude>
    <ClInclude Include="include\gmapping\scanmatcher\scanmatcher.h">
      <Filter>Header Files</Filter>
    </ClInclude>
    <ClInclude Include="include\gmapping\scanmatcher\icp.h">
      <Filter>Header Files</Filter>
    </ClInclude>
    <ClInclude Include="include\gmapping\scanmatcher\smmap.h">
      <Filter>Header Files</Filter>
    </ClInclude>
    <ClInclude Include="include\gmapping\grid\map.h">
      <Filter>Header Files</Filter>
    </ClInclude>
    <ClInclude Include="include\gmapping\grid\accessstate.h">
      <Filter>Header Files</Filter>
    </ClInclude>
    <ClInclude Include="include\gmapping\grid\array2d.h">
      <Filter>Header Files</Filter>
    </ClInclude>
    <ClInclude Include="include\gmapping\grid\harray2d.h">
      <Filter>Header Files</Filter>
    </ClInclude>
    <ClInclude Include="include\gmapping\utils\autoptr.h">
      <Filter>Header Files</Filter>
    </ClInclude>
    <ClInclude Include="include\gmapping\utils\stat.h">
      <Filter>Header Files</Filter>
    </ClInclude>
    <ClInclude Include="include\gmapping\utils\macro_params.h">
      <Filter>Header Files</Filter>
    </ClInclude>
    <ClInclude Include="openslam_gmapping\scanmatcher\gridlinetraversal.h">
      <Filter>Header Files</Filter>
    </ClInclude>
    <ClInclude Include="include\gmapping\utils\GPoint.h">
      <Filter>Header Files</Filter>
    </ClInclude>
    <ClInclude Include="include\gmapping\sensor\sensor_range\rangereading.h">
      <Filter>Header Files</Filter>
    </ClInclude>
    <ClInclude Include="include\gmapping\sensor\sensor_base\sensorreading.h">
      <Filter>Header Files</Filter>
    </ClInclude>
    <ClInclude Include="include\gmapping\sensor\sensor_base\sensor.h">
      <Filter>Header Files</Filter>
    </ClInclude>
    <ClInclude Include="include\gmapping\sensor\sensor_range\rangesensor.h">
      <Filter>Header Files</Filter>
    </ClInclude>
    <ClInclude Include="include\Infrared.h">
      <Filter>Header Files</Filter>
    </ClInclude>
  </ItemGroup>
  <ItemGroup>
    <Image Include="res\X80MultiRobot.ico">
      <Filter>Resource Files</Filter>
    </Image>
  </ItemGroup>
  <ItemGroup>
    <None Include="res\X80MultiRobot.rc2">
      <Filter>Resource Files</Filter>
    </None>
  </ItemGroup>
  <ItemGroup>
    <Text Include="ReadMe.txt" />
  </ItemGroup>
</Project>